
Microsoft Visual Studio Solution File, Format Version 12.00
# Visual Studio 15
VisualStudioVersion = 15.0.26730.8
MinimumVisualStudioVersion = 10.0.40219.1
Project("{FAE04EC0-301F-11D3-BF4B-00C04F79EFBC}") = "OdataConsoleClient", "OdataConsoleClient\OdataConsoleClient.csproj", "{49F98D00-D9CA-4EA7-A4BD-4734CDA5AE7A}"
EndProject
Global
	GlobalSection(SolutionConfigurationPlatforms) = preSolution
		Debug|Any CPU = Debug|Any CPU
		Release|Any CPU = Release|Any CPU
	EndGlobalSection
	GlobalSection(ProjectConfigurationPlatforms) = postSolution
		{49F98D00-D9CA-4EA7-A4BD-4734CDA5AE7A}.Debug|Any CPU.ActiveCfg = Debug|Any CPU
		{49F98D00-D9CA-4EA7-A4BD-4734CDA5AE7A}.Debug|Any CPU.Build.0 = Debug|Any CPU
		{49F98D00-D9CA-4EA7-A4BD-4734CDA5AE7A}.Release|Any CPU.ActiveCfg = Release|Any CPU
		{49F98D00-D9CA-4EA7-A4BD-4734CDA5AE7A}.Release|Any CPU.Build.0 = Release|Any CPU
	EndGlobalSection
	GlobalSection(SolutionProperties) = preSolution
		HideSolutionNode = FALSE
	EndGlobalSection
	GlobalSection(ExtensibilityGlobals) = postSolution
		SolutionGuid = {C564B1E0-B3EB-4D81-B7A4-95E5443F49AD}
	EndGlobalSection
EndGlobal
