
Microsoft Visual Studio Solution File, Format Version 12.00
# Visual Studio 15
VisualStudioVersion = 15.0.26730.8
MinimumVisualStudioVersion = 10.0.40219.1
Project("{FAE04EC0-301F-11D3-BF4B-00C04F79EFBC}") = "Odata4Demo", "Odata4Demo\Odata4Demo.csproj", "{9E0FEECE-C461-4F48-8247-FE97D221459B}"
EndProject
Global
	GlobalSection(SolutionConfigurationPlatforms) = preSolution
		Debug|Any CPU = Debug|Any CPU
		Release|Any CPU = Release|Any CPU
	EndGlobalSection
	GlobalSection(ProjectConfigurationPlatforms) = postSolution
		{9E0FEECE-C461-4F48-8247-FE97D221459B}.Debug|Any CPU.ActiveCfg = Debug|Any CPU
		{9E0FEECE-C461-4F48-8247-FE97D221459B}.Debug|Any CPU.Build.0 = Debug|Any CPU
		{9E0FEECE-C461-4F48-8247-FE97D221459B}.Release|Any CPU.ActiveCfg = Release|Any CPU
		{9E0FEECE-C461-4F48-8247-FE97D221459B}.Release|Any CPU.Build.0 = Release|Any CPU
	EndGlobalSection
	GlobalSection(SolutionProperties) = preSolution
		HideSolutionNode = FALSE
	EndGlobalSection
	GlobalSection(ExtensibilityGlobals) = postSolution
		SolutionGuid = {EBDA10F7-613B-4FCB-98F6-0416F41C99F5}
	EndGlobalSection
EndGlobal
